// !$*UTF8*$!
{
	archiveVersion = 1;
	classes = {
	};
	objectVersion = 46;
	objects = {

/* Begin PBXBuildFile section */
		00A9DBE21876B43C00767ECA /* Foundation.framework in Frameworks */ = {isa = PBXBuildFile; fileRef = 00A9DBE11876B43C00767ECA /* Foundation.framework */; };
		00A9DBE41876B43C00767ECA /* CoreGraphics.framework in Frameworks */ = {isa = PBXBuildFile; fileRef = 00A9DBE31876B43C00767ECA /* CoreGraphics.framework */; };
		00A9DBE61876B43C00767ECA /* UIKit.framework in Frameworks */ = {isa = PBXBuildFile; fileRef = 00A9DBE51876B43C00767ECA /* UIKit.framework */; };
		00A9DBEC1876B43C00767ECA /* InfoPlist.strings in Resources */ = {isa = PBXBuildFile; fileRef = 00A9DBEA1876B43C00767ECA /* InfoPlist.strings */; };
		00A9DBEE1876B43C00767ECA /* main.m in Sources */ = {isa = PBXBuildFile; fileRef = 00A9DBED1876B43C00767ECA /* main.m */; };
		00A9DBF21876B43C00767ECA /* AppDelegate.m in Sources */ = {isa = PBXBuildFile; fileRef = 00A9DBF11876B43C00767ECA /* AppDelegate.m */; };
		00A9DBF51876B43C00767ECA /* Main.storyboard in Resources */ = {isa = PBXBuildFile; fileRef = 00A9DBF31876B43C00767ECA /* Main.storyboard */; };
		00A9DBF81876B43C00767ECA /* ViewController.m in Sources */ = {isa = PBXBuildFile; fileRef = 00A9DBF71876B43C00767ECA /* ViewController.m */; };
		00A9DBFA1876B43C00767ECA /* Images.xcassets in Resources */ = {isa = PBXBuildFile; fileRef = 00A9DBF91876B43C00767ECA /* Images.xcassets */; };
		00A9DC011876B43C00767ECA /* XCTest.framework in Frameworks */ = {isa = PBXBuildFile; fileRef = 00A9DC001876B43C00767ECA /* XCTest.framework */; };
		00A9DC021876B43C00767ECA /* Foundation.framework in Frameworks */ = {isa = PBXBuildFile; fileRef = 00A9DBE11876B43C00767ECA /* Foundation.framework */; };
		00A9DC031876B43C00767ECA /* UIKit.framework in Frameworks */ = {isa = PBXBuildFile; fileRef = 00A9DBE51876B43C00767ECA /* UIKit.framework */; };
		00A9DC0B1876B43C00767ECA /* InfoPlist.strings in Resources */ = {isa = PBXBuildFile; fileRef = 00A9DC091876B43C00767ECA /* InfoPlist.strings */; };
		00A9DC0D1876B43C00767ECA /* TextFieldTest2Tests.m in Sources */ = {isa = PBXBuildFile; fileRef = 00A9DC0C1876B43C00767ECA /* TextFieldTest2Tests.m */; };
/* End PBXBuildFile section */

/* Begin PBXContainerItemProxy section */
		00A9DC041876B43C00767ECA /* PBXContainerItemProxy */ = {
			isa = PBXContainerItemProxy;
			containerPortal = 00A9DBD61876B43C00767ECA /* Project object */;
			proxyType = 1;
			remoteGlobalIDString = 00A9DBDD1876B43C00767ECA;
			remoteInfo = TextFieldTest2;
		};
/* End PBXContainerItemProxy section */

/* Begin PBXFileReference section */
		00A9DBDE1876B43C00767ECA /* TextFieldTest2.app */ = {isa = PBXFileReference; explicitFileType = wrapper.application; includeInIndex = 0; path = TextFieldTest2.app; sourceTree = BUILT_PRODUCTS_DIR; };
		00A9DBE11876B43C00767ECA /* Foundation.framework */ = {isa = PBXFileReference; lastKnownFileType = wrapper.framework; name = Foundation.framework; path = System/Library/Frameworks/Foundation.framework; sourceTree = SDKROOT; };
		00A9DBE31876B43C00767ECA /* CoreGraphics.framework */ = {isa = PBXFileReference; lastKnownFileType = wrapper.framework; name = CoreGraphics.framework; path = System/Library/Frameworks/CoreGraphics.framework; sourceTree = SDKROOT; };
		00A9DBE51876B43C00767ECA /* UIKit.framework */ = {isa = PBXFileReference; lastKnownFileType = wrapper.framework; name = UIKit.framework; path = System/Library/Frameworks/UIKit.framework; sourceTree = SDKROOT; };
		00A9DBE91876B43C00767ECA /* TextFieldTest2-Info.plist */ = {isa = PBXFileReference; lastKnownFileType = text.plist.xml; path = "TextFieldTest2-Info.plist"; sourceTree = "<group>"; };
		00A9DBEB1876B43C00767ECA /* en */ = {isa = PBXFileReference; lastKnownFileType = text.plist.strings; name = en; path = en.lproj/InfoPlist.strings; sourceTree = "<group>"; };
		00A9DBED1876B43C00767ECA /* main.m */ = {isa = PBXFileReference; lastKnownFileType = sourcecode.c.objc; path = main.m; sourceTree = "<group>"; };
		00A9DBEF1876B43C00767ECA /* TextFieldTest2-Prefix.pch */ = {isa = PBXFileReference; lastKnownFileType = sourcecode.c.h; path = "TextFieldTest2-Prefix.pch"; sourceTree = "<group>"; };
		00A9DBF01876B43C00767ECA /* AppDelegate.h */ = {isa = PBXFileReference; lastKnownFileType = sourcecode.c.h; path = AppDelegate.h; sourceTree = "<group>"; };
		00A9DBF11876B43C00767ECA /* AppDelegate.m */ = {isa = PBXFileReference; lastKnownFileType = sourcecode.c.objc; path = AppDelegate.m; sourceTree = "<group>"; };
		00A9DBF41876B43C00767ECA /* Base */ = {isa = PBXFileReference; lastKnownFileType = file.storyboard; name = Base; path = Base.lproj/Main.storyboard; sourceTree = "<group>"; };
		00A9DBF61876B43C00767ECA /* ViewController.h */ = {isa = PBXFileReference; lastKnownFileType = sourcecode.c.h; path = ViewController.h; sourceTree = "<group>"; };
		00A9DBF71876B43C00767ECA /* ViewController.m */ = {isa = PBXFileReference; lastKnownFileType = sourcecode.c.objc; path = ViewController.m; sourceTree = "<group>"; };
		00A9DBF91876B43C00767ECA /* Images.xcassets */ = {isa = PBXFileReference; lastKnownFileType = folder.assetcatalog; path = Images.xcassets; sourceTree = "<group>"; };
		00A9DBFF1876B43C00767ECA /* TextFieldTest2Tests.xctest */ = {isa = PBXFileReference; explicitFileType = wrapper.cfbundle; includeInIndex = 0; path = TextFieldTest2Tests.xctest; sourceTree = BUILT_PRODUCTS_DIR; };
		00A9DC001876B43C00767ECA /* XCTest.framework */ = {isa = PBXFileReference; lastKnownFileType = wrapper.framework; name = XCTest.framework; path = Library/Frameworks/XCTest.framework; sourceTree = DEVELOPER_DIR; };
		00A9DC081876B43C00767ECA /* TextFieldTest2Tests-Info.plist */ = {isa = PBXFileReference; lastKnownFileType = text.plist.xml; path = "TextFieldTest2Tests-Info.plist"; sourceTree = "<group>"; };
		00A9DC0A1876B43C00767ECA /* en */ = {isa = PBXFileReference; lastKnownFileType = text.plist.strings; name = en; path = en.lproj/InfoPlist.strings; sourceTree = "<group>"; };
		00A9DC0C1876B43C00767ECA /* TextFieldTest2Tests.m */ = {isa = PBXFileReference; lastKnownFileType = sourcecode.c.objc; path = TextFieldTest2Tests.m; sourceTree = "<group>"; };
/* End PBXFileReference section */

/* Begin PBXFrameworksBuildPhase section */
		00A9DBDB1876B43C00767ECA /* Frameworks */ = {
			isa = PBXFrameworksBuildPhase;
			buildActionMask = 2147483647;
			files = (
				00A9DBE41876B43C00767ECA /* CoreGraphics.framework in Frameworks */,
				00A9DBE61876B43C00767ECA /* UIKit.framework in Frameworks */,
				00A9DBE21876B43C00767ECA /* Foundation.framework in Frameworks */,
			);
			runOnlyForDeploymentPostprocessing = 0;
		};
		00A9DBFC1876B43C00767ECA /* Frameworks */ = {
			isa = PBXFrameworksBuildPhase;
			buildActionMask = 2147483647;
			files = (
				00A9DC011876B43C00767ECA /* XCTest.framework in Frameworks */,
				00A9DC031876B43C00767ECA /* UIKit.framework in Frameworks */,
				00A9DC021876B43C00767ECA /* Foundation.framework in Frameworks */,
			);
			runOnlyForDeploymentPostprocessing = 0;
		};
/* End PBXFrameworksBuildPhase section */

/* Begin PBXGroup section */
		00A9DBD51876B43C00767ECA = {
			isa = PBXGroup;
			children = (
				00A9DBE71876B43C00767ECA /* TextFieldTest2 */,
				00A9DC061876B43C00767ECA /* TextFieldTest2Tests */,
				00A9DBE01876B43C00767ECA /* Frameworks */,
				00A9DBDF1876B43C00767ECA /* Products */,
			);
			sourceTree = "<group>";
		};
		00A9DBDF1876B43C00767ECA /* Products */ = {
			isa = PBXGroup;
			children = (
				00A9DBDE1876B43C00767ECA /* TextFieldTest2.app */,
				00A9DBFF1876B43C00767ECA /* TextFieldTest2Tests.xctest */,
			);
			name = Products;
			sourceTree = "<group>";
		};
		00A9DBE01876B43C00767ECA /* Frameworks */ = {
			isa = PBXGroup;
			children = (
				00A9DBE11876B43C00767ECA /* Foundation.framework */,
				00A9DBE31876B43C00767ECA /* CoreGraphics.framework */,
				00A9DBE51876B43C00767ECA /* UIKit.framework */,
				00A9DC001876B43C00767ECA /* XCTest.framework */,
			);
			name = Frameworks;
			sourceTree = "<group>";
		};
		00A9DBE71876B43C00767ECA /* TextFieldTest2 */ = {
			isa = PBXGroup;
			children = (
				00A9DBF01876B43C00767ECA /* AppDelegate.h */,
				00A9DBF11876B43C00767ECA /* AppDelegate.m */,
				00A9DBF31876B43C00767ECA /* Main.storyboard */,
				00A9DBF61876B43C00767ECA /* ViewController.h */,
				00A9DBF71876B43C00767ECA /* ViewController.m */,
				00A9DBF91876B43C00767ECA /* Images.xcassets */,
				00A9DBE81876B43C00767ECA /* Supporting Files */,
			);
			path = TextFieldTest2;
			sourceTree = "<group>";
		};
		00A9DBE81876B43C00767ECA /* Supporting Files */ = {
			isa = PBXGroup;
			children = (
				00A9DBE91876B43C00767ECA /* TextFieldTest2-Info.plist */,
				00A9DBEA1876B43C00767ECA /* InfoPlist.strings */,
				00A9DBED1876B43C00767ECA /* main.m */,
				00A9DBEF1876B43C00767ECA /* TextFieldTest2-Prefix.pch */,
			);
			name = "Supporting Files";
			sourceTree = "<group>";
		};
		00A9DC061876B43C00767ECA /* TextFieldTest2Tests */ = {
			isa = PBXGroup;
			children = (
				00A9DC0C1876B43C00767ECA /* TextFieldTest2Tests.m */,
				00A9DC071876B43C00767ECA /* Supporting Files */,
			);
			path = TextFieldTest2Tests;
			sourceTree = "<group>";
		};
		00A9DC071876B43C00767ECA /* Supporting Files */ = {
			isa = PBXGroup;
			children = (
				00A9DC081876B43C00767ECA /* TextFieldTest2Tests-Info.plist */,
				00A9DC091876B43C00767ECA /* InfoPlist.strings */,
			);
			name = "Supporting Files";
			sourceTree = "<group>";
		};
/* End PBXGroup section */

/* Begin PBXNativeTarget section */
		00A9DBDD1876B43C00767ECA /* TextFieldTest2 */ = {
			isa = PBXNativeTarget;
			buildConfigurationList = 00A9DC101876B43C00767ECA /* Build configuration list for PBXNativeTarget "TextFieldTest2" */;
			buildPhases = (
				00A9DBDA1876B43C00767ECA /* Sources */,
				00A9DBDB1876B43C00767ECA /* Frameworks */,
				00A9DBDC1876B43C00767ECA /* Resources */,
			);
			buildRules = (
			);
			dependencies = (
			);
			name = TextFieldTest2;
			productName = TextFieldTest2;
			productReference = 00A9DBDE1876B43C00767ECA /* TextFieldTest2.app */;
			productType = "com.apple.product-type.application";
		};
		00A9DBFE1876B43C00767ECA /* TextFieldTest2Tests */ = {
			isa = PBXNativeTarget;
			buildConfigurationList = 00A9DC131876B43C00767ECA /* Build configuration list for PBXNativeTarget "TextFieldTest2Tests" */;
			buildPhases = (
				00A9DBFB1876B43C00767ECA /* Sources */,
				00A9DBFC1876B43C00767ECA /* Frameworks */,
				00A9DBFD1876B43C00767ECA /* Resources */,
			);
			buildRules = (
			);
			dependencies = (
				00A9DC051876B43C00767ECA /* PBXTargetDependency */,
			);
			name = TextFieldTest2Tests;
			productName = TextFieldTest2Tests;
			productReference = 00A9DBFF1876B43C00767ECA /* TextFieldTest2Tests.xctest */;
			productType = "com.apple.product-type.bundle.unit-test";
		};
/* End PBXNativeTarget section */

/* Begin PBXProject section */
		00A9DBD61876B43C00767ECA /* Project object */ = {
			isa = PBXProject;
			attributes = {
				LastUpgradeCheck = 0500;
				ORGANIZATIONNAME = "SDT-1";
				TargetAttributes = {
					00A9DBFE1876B43C00767ECA = {
						TestTargetID = 00A9DBDD1876B43C00767ECA;
					};
				};
			};
			buildConfigurationList = 00A9DBD91876B43C00767ECA /* Build configuration list for PBXProject "TextFieldTest2" */;
			compatibilityVersion = "Xcode 3.2";
			developmentRegion = English;
			hasScannedForEncodings = 0;
			knownRegions = (
				en,
				Base,
			);
			mainGroup = 00A9DBD51876B43C00767ECA;
			productRefGroup = 00A9DBDF1876B43C00767ECA /* Products */;
			projectDirPath = "";
			projectRoot = "";
			targets = (
				00A9DBDD1876B43C00767ECA /* TextFieldTest2 */,
				00A9DBFE1876B43C00767ECA /* TextFieldTest2Tests */,
			);
		};
/* End PBXProject section */

/* Begin PBXResourcesBuildPhase section */
		00A9DBDC1876B43C00767ECA /* Resources */ = {
			isa = PBXResourcesBuildPhase;
			buildActionMask = 2147483647;
			files = (
				00A9DBFA1876B43C00767ECA /* Images.xcassets in Resources */,
				00A9DBEC1876B43C00767ECA /* InfoPlist.strings in Resources */,
				00A9DBF51876B43C00767ECA /* Main.storyboard in Resources */,
			);
			runOnlyForDeploymentPostprocessing = 0;
		};
		00A9DBFD1876B43C00767ECA /* Resources */ = {
			isa = PBXResourcesBuildPhase;
			buildActionMask = 2147483647;
			files = (
				00A9DC0B1876B43C00767ECA /* InfoPlist.strings in Resources */,
			);
			runOnlyForDeploymentPostprocessing = 0;
		};
/* End PBXResourcesBuildPhase section */

/* Begin PBXSourcesBuildPhase section */
		00A9DBDA1876B43C00767ECA /* Sources */ = {
			isa = PBXSourcesBuildPhase;
			buildActionMask = 2147483647;
			files = (
				00A9DBF81876B43C00767ECA /* ViewController.m in Sources */,
				00A9DBF21876B43C00767ECA /* AppDelegate.m in Sources */,
				00A9DBEE1876B43C00767ECA /* main.m in Sources */,
			);
			runOnlyForDeploymentPostprocessing = 0;
		};
		00A9DBFB1876B43C00767ECA /* Sources */ = {
			isa = PBXSourcesBuildPhase;
			buildActionMask = 2147483647;
			files = (
				00A9DC0D1876B43C00767ECA /* TextFieldTest2Tests.m in Sources */,
			);
			runOnlyForDeploymentPostprocessing = 0;
		};
/* End PBXSourcesBuildPhase section */

/* Begin PBXTargetDependency section */
		00A9DC051876B43C00767ECA /* PBXTargetDependency */ = {
			isa = PBXTargetDependency;
			target = 00A9DBDD1876B43C00767ECA /* TextFieldTest2 */;
			targetProxy = 00A9DC041876B43C00767ECA /* PBXContainerItemProxy */;
		};
/* End PBXTargetDependency section */

/* Begin PBXVariantGroup section */
		00A9DBEA1876B43C00767ECA /* InfoPlist.strings */ = {
			isa = PBXVariantGroup;
			children = (
				00A9DBEB1876B43C00767ECA /* en */,
			);
			name = InfoPlist.strings;
			sourceTree = "<group>";
		};
		00A9DBF31876B43C00767ECA /* Main.storyboard */ = {
			isa = PBXVariantGroup;
			children = (
				00A9DBF41876B43C00767ECA /* Base */,
			);
			name = Main.storyboard;
			sourceTree = "<group>";
		};
		00A9DC091876B43C00767ECA /* InfoPlist.strings */ = {
			isa = PBXVariantGroup;
			children = (
				00A9DC0A1876B43C00767ECA /* en */,
			);
			name = InfoPlist.strings;
			sourceTree = "<group>";
		};
/* End PBXVariantGroup section */

/* Begin XCBuildConfiguration section */
		00A9DC0E1876B43C00767ECA /* Debug */ = {
			isa = XCBuildConfiguration;
			buildSettings = {
				ALWAYS_SEARCH_USER_PATHS = NO;
				ARCHS = "$(ARCHS_STANDARD_INCLUDING_64_BIT)";
				CLANG_CXX_LANGUAGE_STANDARD = "gnu++0x";
				CLANG_CXX_LIBRARY = "libc++";
				CLANG_ENABLE_MODULES = YES;
				CLANG_ENABLE_OBJC_ARC = YES;
				CLANG_WARN_BOOL_CONVERSION = YES;
				CLANG_WARN_CONSTANT_CONVERSION = YES;
				CLANG_WARN_DIRECT_OBJC_ISA_USAGE = YES_ERROR;
				CLANG_WARN_EMPTY_BODY = YES;
				CLANG_WARN_ENUM_CONVERSION = YES;
				CLANG_WARN_INT_CONVERSION = YES;
				CLANG_WARN_OBJC_ROOT_CLASS = YES_ERROR;
				CLANG_WARN__DUPLICATE_METHOD_MATCH = YES;
				"CODE_SIGN_IDENTITY[sdk=iphoneos*]" = "iPhone Developer";
				COPY_PHASE_STRIP = NO;
				GCC_C_LANGUAGE_STANDARD = gnu99;
				GCC_DYNAMIC_NO_PIC = NO;
				GCC_OPTIMIZATION_LEVEL = 0;
				GCC_PREPROCESSOR_DEFINITIONS = (
					"DEBUG=1",
					"$(inherited)",
				);
				GCC_SYMBOLS_PRIVATE_EXTERN = NO;
				GCC_WARN_64_TO_32_BIT_CONVERSION = YES;
				GCC_WARN_ABOUT_RETURN_TYPE = YES_ERROR;
				GCC_WARN_UNDECLARED_SELECTOR = YES;
				GCC_WARN_UNINITIALIZED_AUTOS = YES;
				GCC_WARN_UNUSED_FUNCTION = YES;
				GCC_WARN_UNUSED_VARIABLE = YES;
				IPHONEOS_DEPLOYMENT_TARGET = 7.0;
				ONLY_ACTIVE_ARCH = YES;
				SDKROOT = iphoneos;
			};
			name = Debug;
		};
		00A9DC0F1876B43C00767ECA /* Release */ = {
			isa = XCBuildConfiguration;
			buildSettings = {
				ALWAYS_SEARCH_USER_PATHS = NO;
				ARCHS = "$(ARCHS_STANDARD_INCLUDING_64_BIT)";
				CLANG_CXX_LANGUAGE_STANDARD = "gnu++0x";
				CLANG_CXX_LIBRARY = "libc++";
				CLANG_ENABLE_MODULES = YES;
				CLANG_ENABLE_OBJC_ARC = YES;
				CLANG_WARN_BOOL_CONVERSION = YES;
				CLANG_WARN_CONSTANT_CONVERSION = YES;
				CLANG_WARN_DIRECT_OBJC_ISA_USAGE = YES_ERROR;
				CLANG_WARN_EMPTY_BODY = YES;
				CLANG_WARN_ENUM_CONVERSION = YES;
				CLANG_WARN_INT_CONVERSION = YES;
				CLANG_WARN_OBJC_ROOT_CLASS = YES_ERROR;
				CLANG_WARN__DUPLICATE_METHOD_MATCH = YES;
				"CODE_SIGN_IDENTITY[sdk=iphoneos*]" = "iPhone Developer";
				COPY_PHASE_STRIP = YES;
				ENABLE_NS_ASSERTIONS = NO;
				GCC_C_LANGUAGE_STANDARD = gnu99;
				GCC_WARN_64_TO_32_BIT_CONVERSION = YES;
				GCC_WARN_ABOUT_RETURN_TYPE = YES_ERROR;
				GCC_WARN_UNDECLARED_SELECTOR = YES;
				GCC_WARN_UNINITIALIZED_AUTOS = YES;
				GCC_WARN_UNUSED_FUNCTION = YES;
				GCC_WARN_UNUSED_VARIABLE = YES;
				IPHONEOS_DEPLOYMENT_TARGET = 7.0;
				SDKROOT = iphoneos;
				VALIDATE_PRODUCT = YES;
			};
			name = Release;
		};
		00A9DC111876B43C00767ECA /* Debug */ = {
			isa = XCBuildConfiguration;
			buildSettings = {
				ASSETCATALOG_COMPILER_APPICON_NAME = AppIcon;
				ASSETCATALOG_COMPILER_LAUNCHIMAGE_NAME = LaunchImage;
				GCC_PRECOMPILE_PREFIX_HEADER = YES;
				GCC_PREFIX_HEADER = "TextFieldTest2/TextFieldTest2-Prefix.pch";
				INFOPLIST_FILE = "TextFieldTest2/TextFieldTest2-Info.plist";
				PRODUCT_NAME = "$(TARGET_NAME)";
				WRAPPER_EXTENSION = app;
			};
			name = Debug;
		};
		00A9DC121876B43C00767ECA /* Release */ = {
			isa = XCBuildConfiguration;
			buildSettings = {
				ASSETCATALOG_COMPILER_APPICON_NAME = AppIcon;
				ASSETCATALOG_COMPILER_LAUNCHIMAGE_NAME = LaunchImage;
				GCC_PRECOMPILE_PREFIX_HEADER = YES;
				GCC_PREFIX_HEADER = "TextFieldTest2/TextFieldTest2-Prefix.pch";
				INFOPLIST_FILE = "TextFieldTest2/TextFieldTest2-Info.plist";
				PRODUCT_NAME = "$(TARGET_NAME)";
				WRAPPER_EXTENSION = app;
			};
			name = Release;
		};
		00A9DC141876B43C00767ECA /* Debug */ = {
			isa = XCBuildConfiguration;
			buildSettings = {
				ARCHS = "$(ARCHS_STANDARD_INCLUDING_64_BIT)";
				BUNDLE_LOADER = "$(BUILT_PRODUCTS_DIR)/TextFieldTest2.app/TextFieldTest2";
				FRAMEWORK_SEARCH_PATHS = (
					"$(SDKROOT)/Developer/Library/Frameworks",
					"$(inherited)",
					"$(DEVELOPER_FRAMEWORKS_DIR)",
				);
				GCC_PRECOMPILE_PREFIX_HEADER = YES;
				GCC_PREFIX_HEADER = "TextFieldTest2/TextFieldTest2-Prefix.pch";
				GCC_PREPROCESSOR_DEFINITIONS = (
					"DEBUG=1",
					"$(inherited)",
				);
				INFOPLIST_FILE = "TextFieldTest2Tests/TextFieldTest2Tests-Info.plist";
				PRODUCT_NAME = "$(TARGET_NAME)";
				TEST_HOST = "$(BUNDLE_LOADER)";
				WRAPPER_EXTENSION = xctest;
			};
			name = Debug;
		};
		00A9DC151876B43C00767ECA /* Release */ = {
			isa = XCBuildConfiguration;
			buildSettings = {
				ARCHS = "$(ARCHS_STANDARD_INCLUDING_64_BIT)";
				BUNDLE_LOADER = "$(BUILT_PRODUCTS_DIR)/TextFieldTest2.app/TextFieldTest2";
				FRAMEWORK_SEARCH_PATHS = (
					"$(SDKROOT)/Developer/Library/Frameworks",
					"$(inherited)",
					"$(DEVELOPER_FRAMEWORKS_DIR)",
				);
				GCC_PRECOMPILE_PREFIX_HEADER = YES;
				GCC_PREFIX_HEADER = "TextFieldTest2/TextFieldTest2-Prefix.pch";
				INFOPLIST_FILE = "TextFieldTest2Tests/TextFieldTest2Tests-Info.plist";
				PRODUCT_NAME = "$(TARGET_NAME)";
				TEST_HOST = "$(BUNDLE_LOADER)";
				WRAPPER_EXTENSION = xctest;
			};
			name = Release;
		};
/* End XCBuildConfiguration section */

/* Begin XCConfigurationList section */
		00A9DBD91876B43C00767ECA /* Build configuration list for PBXProject "TextFieldTest2" */ = {
			isa = XCConfigurationList;
			buildConfigurations = (
				00A9DC0E1876B43C00767ECA /* Debug */,
				00A9DC0F1876B43C00767ECA /* Release */,
			);
			defaultConfigurationIsVisible = 0;
			defaultConfigurationName = Release;
		};
		00A9DC101876B43C00767ECA /* Build configuration list for PBXNativeTarget "TextFieldTest2" */ = {
			isa = XCConfigurationList;
			buildConfigurations = (
				00A9DC111876B43C00767ECA /* Debug */,
				00A9DC121876B43C00767ECA /* Release */,
			);
			defaultConfigurationIsVisible = 0;
		};
		00A9DC131876B43C00767ECA /* Build configuration list for PBXNativeTarget "TextFieldTest2Tests" */ = {
			isa = XCConfigurationList;
			buildConfigurations = (
				00A9DC141876B43C00767ECA /* Debug */,
				00A9DC151876B43C00767ECA /* Release */,
			);
			defaultConfigurationIsVisible = 0;
		};
/* End XCConfigurationList section */
	};
	rootObject = 00A9DBD61876B43C00767ECA /* Project object */;
}
